{
  "name": "pi-lsp-bridge",
  "lockfileVersion": 3,
  "requires": true,
  "packages": {
    "": {
      "name": "pi-lsp-bridge",
      "dependencies": {
        "@lspeasy/client": "^3.0.3",
        "@lspeasy/core": "^2.1.3",
        "typebox": "^0"
      }
    },
    "node_modules/@lspeasy/client": {
      "version": "3.0.3",
      "resolved": "https://registry.npmjs.org/@lspeasy/client/-/client-3.0.3.tgz",
      "integrity": "sha512-w1u0pgr7UE0vmMn1jyt6da/WdTgoQSXTQAoMWo3++64ENeo0+RHevN17gkSHmUn3mNLdASiNHA9IG6+DjrUXjA==",
      "license": "MIT",
      "dependencies": {
        "@lspeasy/core": "2.1.3"
      },
      "engines": {
        "node": ">=20.0.0"
      },
      "optionalDependencies": {
        "zod": "^4.4.3"
      }
    },
    "node_modules/@lspeasy/core": {
      "version": "2.1.3",
      "resolved": "https://registry.npmjs.org/@lspeasy/core/-/core-2.1.3.tgz",
      "integrity": "sha512-mQ43mVkB/Rz3xkl83aMXYUNf4unYOj0Jv/7Pd1tNqKN/ECy4CY2b+wpp321OFlnYkJGWbu2SQkXwVQYsN27PSA==",
      "license": "MIT",
      "engines": {
        "node": ">=20.0.0"
      },
      "optionalDependencies": {
        "zod": "^4.4.3"
      },
      "peerDependencies": {
        "ws": "^8.19.0"
      },
      "peerDependenciesMeta": {
        "ws": {
          "optional": true
        }
      }
    },
    "node_modules/typebox": {
      "version": "0.0.1",
      "resolved": "https://registry.npmjs.org/typebox/-/typebox-0.0.1.tgz",
      "integrity": "sha512-pJc2iszaWtRS4mIX73nT2IvgtTTuW0yu3unrbMcszsNxzypSpMiTmt7Cr/2t59amfI0naGEE6jvSWeqMFynL+g=="
    },
    "node_modules/zod": {
      "version": "4.4.3",
      "resolved": "https://registry.npmjs.org/zod/-/zod-4.4.3.tgz",
      "integrity": "sha512-ytENFjIJFl2UwYglde2jchW2Hwm4GJFLDiSXWdTrJQBIN9Fcyp7n4DhxJEiWNAJMV1/BqWfW/kkg71UDcHJyTQ==",
      "license": "MIT",
      "optional": true,
      "funding": {
        "url": "https://github.com/sponsors/colinhacks"
      }
    }
  }
}
